{
  "name": "tdd-store-app",
  "version": "0.1.0",
  "lockfileVersion": 1,
  "requires": true,
  "dependencies": {
    "@chakra-ui/css-reset": {
      "version": "1.0.0",
      "resolved": "https://registry.npmjs.org/@chakra-ui/css-reset/-/css-reset-1.0.0.tgz",
      "integrity": "sha512-UaPsImGHvCgFO3ayp6Ugafu2/3/EG8wlW/8Y9Ihfk1UFv8cpV+3BfWKmuZ7IcmxcBL9dkP6E8p3/M1T0FB92hg==",
      "dev": true
    }
  }
}
